// !$*UTF8*$!
{
	archiveVersion = 1;
	classes = {
	};
	objectVersion = 46;
	objects = {

/* Begin PBXBuildFile section */
		4814CFF519AD2E5100EDD0C8 /* Foundation.framework in Frameworks */ = {isa = PBXBuildFile; fileRef = 4814CFF419AD2E5100EDD0C8 /* Foundation.framework */; };
		4814CFF719AD2E5100EDD0C8 /* CoreGraphics.framework in Frameworks */ = {isa = PBXBuildFile; fileRef = 4814CFF619AD2E5100EDD0C8 /* CoreGraphics.framework */; };
		4814CFF919AD2E5100EDD0C8 /* UIKit.framework in Frameworks */ = {isa = PBXBuildFile; fileRef = 4814CFF819AD2E5100EDD0C8 /* UIKit.framework */; };
		4814CFFB19AD2E5100EDD0C8 /* SpriteKit.framework in Frameworks */ = {isa = PBXBuildFile; fileRef = 4814CFFA19AD2E5100EDD0C8 /* SpriteKit.framework */; };
		4814D00119AD2E5100EDD0C8 /* InfoPlist.strings in Resources */ = {isa = PBXBuildFile; fileRef = 4814CFFF19AD2E5100EDD0C8 /* InfoPlist.strings */; };
		4814D00319AD2E5100EDD0C8 /* main.m in Sources */ = {isa = PBXBuildFile; fileRef = 4814D00219AD2E5100EDD0C8 /* main.m */; };
		4814D00719AD2E5100EDD0C8 /* RAAppDelegate.m in Sources */ = {isa = PBXBuildFile; fileRef = 4814D00619AD2E5100EDD0C8 /* RAAppDelegate.m */; };
		4814D00A19AD2E5100EDD0C8 /* Main_iPhone.storyboard in Resources */ = {isa = PBXBuildFile; fileRef = 4814D00819AD2E5100EDD0C8 /* Main_iPhone.storyboard */; };
		4814D00D19AD2E5100EDD0C8 /* Main_iPad.storyboard in Resources */ = {isa = PBXBuildFile; fileRef = 4814D00B19AD2E5100EDD0C8 /* Main_iPad.storyboard */; };
		4814D01019AD2E5100EDD0C8 /* RAViewController.m in Sources */ = {isa = PBXBuildFile; fileRef = 4814D00F19AD2E5100EDD0C8 /* RAViewController.m */; };
		4814D01319AD2E5100EDD0C8 /* RAMyScene.m in Sources */ = {isa = PBXBuildFile; fileRef = 4814D01219AD2E5100EDD0C8 /* RAMyScene.m */; };
		4814D01719AD2E5100EDD0C8 /* Images.xcassets in Resources */ = {isa = PBXBuildFile; fileRef = 4814D01619AD2E5100EDD0C8 /* Images.xcassets */; };
		4814D01E19AD2E5100EDD0C8 /* XCTest.framework in Frameworks */ = {isa = PBXBuildFile; fileRef = 4814D01D19AD2E5100EDD0C8 /* XCTest.framework */; };
		4814D01F19AD2E5100EDD0C8 /* Foundation.framework in Frameworks */ = {isa = PBXBuildFile; fileRef = 4814CFF419AD2E5100EDD0C8 /* Foundation.framework */; };
		4814D02019AD2E5100EDD0C8 /* UIKit.framework in Frameworks */ = {isa = PBXBuildFile; fileRef = 4814CFF819AD2E5100EDD0C8 /* UIKit.framework */; };
		4814D02819AD2E5100EDD0C8 /* InfoPlist.strings in Resources */ = {isa = PBXBuildFile; fileRef = 4814D02619AD2E5100EDD0C8 /* InfoPlist.strings */; };
		4814D02A19AD2E5100EDD0C8 /* pongTests.m in Sources */ = {isa = PBXBuildFile; fileRef = 4814D02919AD2E5100EDD0C8 /* pongTests.m */; };
		4814D03919AD383B00EDD0C8 /* images.atlas in Resources */ = {isa = PBXBuildFile; fileRef = 4814D03819AD383B00EDD0C8 /* images.atlas */; };
		485D4C9819AEB7BE00D9EF75 /* bounce.wav in Resources */ = {isa = PBXBuildFile; fileRef = 485D4C9719AEB7BE00D9EF75 /* bounce.wav */; };
/* End PBXBuildFile section */

/* Begin PBXContainerItemProxy section */
		4814D02119AD2E5100EDD0C8 /* PBXContainerItemProxy */ = {
			isa = PBXContainerItemProxy;
			containerPortal = 4814CFE919AD2E5100EDD0C8 /* Project object */;
			proxyType = 1;
			remoteGlobalIDString = 4814CFF019AD2E5100EDD0C8;
			remoteInfo = pong;
		};
/* End PBXContainerItemProxy section */

/* Begin PBXFileReference section */
		4814CFF119AD2E5100EDD0C8 /* pong.app */ = {isa = PBXFileReference; explicitFileType = wrapper.application; includeInIndex = 0; path = pong.app; sourceTree = BUILT_PRODUCTS_DIR; };
		4814CFF419AD2E5100EDD0C8 /* Foundation.framework */ = {isa = PBXFileReference; lastKnownFileType = wrapper.framework; name = Foundation.framework; path = System/Library/Frameworks/Foundation.framework; sourceTree = SDKROOT; };
		4814CFF619AD2E5100EDD0C8 /* CoreGraphics.framework */ = {isa = PBXFileReference; lastKnownFileType = wrapper.framework; name = CoreGraphics.framework; path = System/Library/Frameworks/CoreGraphics.framework; sourceTree = SDKROOT; };
		4814CFF819AD2E5100EDD0C8 /* UIKit.framework */ = {isa = PBXFileReference; lastKnownFileType = wrapper.framework; name = UIKit.framework; path = System/Library/Frameworks/UIKit.framework; sourceTree = SDKROOT; };
		4814CFFA19AD2E5100EDD0C8 /* SpriteKit.framework */ = {isa = PBXFileReference; lastKnownFileType = wrapper.framework; name = SpriteKit.framework; path = System/Library/Frameworks/SpriteKit.framework; sourceTree = SDKROOT; };
		4814CFFE19AD2E5100EDD0C8 /* pong-Info.plist */ = {isa = PBXFileReference; lastKnownFileType = text.plist.xml; path = "pong-Info.plist"; sourceTree = "<group>"; };
		4814D00019AD2E5100EDD0C8 /* en */ = {isa = PBXFileReference; lastKnownFileType = text.plist.strings; name = en; path = en.lproj/InfoPlist.strings; sourceTree = "<group>"; };
		4814D00219AD2E5100EDD0C8 /* main.m */ = {isa = PBXFileReference; lastKnownFileType = sourcecode.c.objc; path = main.m; sourceTree = "<group>"; };
		4814D00419AD2E5100EDD0C8 /* pong-Prefix.pch */ = {isa = PBXFileReference; lastKnownFileType = sourcecode.c.h; path = "pong-Prefix.pch"; sourceTree = "<group>"; };
		4814D00519AD2E5100EDD0C8 /* RAAppDelegate.h */ = {isa = PBXFileReference; lastKnownFileType = sourcecode.c.h; path = RAAppDelegate.h; sourceTree = "<group>"; };
		4814D00619AD2E5100EDD0C8 /* RAAppDelegate.m */ = {isa = PBXFileReference; lastKnownFileType = sourcecode.c.objc; path = RAAppDelegate.m; sourceTree = "<group>"; };
		4814D00919AD2E5100EDD0C8 /* Base */ = {isa = PBXFileReference; lastKnownFileType = file.storyboard; name = Base; path = Base.lproj/Main_iPhone.storyboard; sourceTree = "<group>"; };
		4814D00C19AD2E5100EDD0C8 /* Base */ = {isa = PBXFileReference; lastKnownFileType = file.storyboard; name = Base; path = Base.lproj/Main_iPad.storyboard; sourceTree = "<group>"; };
		4814D00E19AD2E5100EDD0C8 /* RAViewController.h */ = {isa = PBXFileReference; lastKnownFileType = sourcecode.c.h; path = RAViewController.h; sourceTree = "<group>"; };
		4814D00F19AD2E5100EDD0C8 /* RAViewController.m */ = {isa = PBXFileReference; lastKnownFileType = sourcecode.c.objc; path = RAViewController.m; sourceTree = "<group>"; };
		4814D01119AD2E5100EDD0C8 /* RAMyScene.h */ = {isa = PBXFileReference; lastKnownFileType = sourcecode.c.h; path = RAMyScene.h; sourceTree = "<group>"; };
		4814D01219AD2E5100EDD0C8 /* RAMyScene.m */ = {isa = PBXFileReference; lastKnownFileType = sourcecode.c.objc; path = RAMyScene.m; sourceTree = "<group>"; };
		4814D01619AD2E5100EDD0C8 /* Images.xcassets */ = {isa = PBXFileReference; lastKnownFileType = folder.assetcatalog; path = Images.xcassets; sourceTree = "<group>"; };
		4814D01C19AD2E5100EDD0C8 /* pongTests.xctest */ = {isa = PBXFileReference; explicitFileType = wrapper.cfbundle; includeInIndex = 0; path = pongTests.xctest; sourceTree = BUILT_PRODUCTS_DIR; };
		4814D01D19AD2E5100EDD0C8 /* XCTest.framework */ = {isa = PBXFileReference; lastKnownFileType = wrapper.framework; name = XCTest.framework; path = Library/Frameworks/XCTest.framework; sourceTree = DEVELOPER_DIR; };
		4814D02519AD2E5100EDD0C8 /* pongTests-Info.plist */ = {isa = PBXFileReference; lastKnownFileType = text.plist.xml; path = "pongTests-Info.plist"; sourceTree = "<group>"; };
		4814D02719AD2E5100EDD0C8 /* en */ = {isa = PBXFileReference; lastKnownFileType = text.plist.strings; name = en; path = en.lproj/InfoPlist.strings; sourceTree = "<group>"; };
		4814D02919AD2E5100EDD0C8 /* pongTests.m */ = {isa = PBXFileReference; lastKnownFileType = sourcecode.c.objc; path = pongTests.m; sourceTree = "<group>"; };
		4814D03819AD383B00EDD0C8 /* images.atlas */ = {isa = PBXFileReference; lastKnownFileType = folder.skatlas; path = images.atlas; sourceTree = "<group>"; };
		485D4C9719AEB7BE00D9EF75 /* bounce.wav */ = {isa = PBXFileReference; lastKnownFileType = audio.wav; path = bounce.wav; sourceTree = "<group>"; };
/* End PBXFileReference section */

/* Begin PBXFrameworksBuildPhase section */
		4814CFEE19AD2E5100EDD0C8 /* Frameworks */ = {
			isa = PBXFrameworksBuildPhase;
			buildActionMask = 2147483647;
			files = (
				4814CFF719AD2E5100EDD0C8 /* CoreGraphics.framework in Frameworks */,
				4814CFF919AD2E5100EDD0C8 /* UIKit.framework in Frameworks */,
				4814CFFB19AD2E5100EDD0C8 /* SpriteKit.framework in Frameworks */,
				4814CFF519AD2E5100EDD0C8 /* Foundation.framework in Frameworks */,
			);
			runOnlyForDeploymentPostprocessing = 0;
		};
		4814D01919AD2E5100EDD0C8 /* Frameworks */ = {
			isa = PBXFrameworksBuildPhase;
			buildActionMask = 2147483647;
			files = (
				4814D01E19AD2E5100EDD0C8 /* XCTest.framework in Frameworks */,
				4814D02019AD2E5100EDD0C8 /* UIKit.framework in Frameworks */,
				4814D01F19AD2E5100EDD0C8 /* Foundation.framework in Frameworks */,
			);
			runOnlyForDeploymentPostprocessing = 0;
		};
/* End PBXFrameworksBuildPhase section */

/* Begin PBXGroup section */
		4814CFE819AD2E5100EDD0C8 = {
			isa = PBXGroup;
			children = (
				4814CFFC19AD2E5100EDD0C8 /* pong */,
				4814D02319AD2E5100EDD0C8 /* pongTests */,
				4814CFF319AD2E5100EDD0C8 /* Frameworks */,
				4814CFF219AD2E5100EDD0C8 /* Products */,
			);
			sourceTree = "<group>";
		};
		4814CFF219AD2E5100EDD0C8 /* Products */ = {
			isa = PBXGroup;
			children = (
				4814CFF119AD2E5100EDD0C8 /* pong.app */,
				4814D01C19AD2E5100EDD0C8 /* pongTests.xctest */,
			);
			name = Products;
			sourceTree = "<group>";
		};
		4814CFF319AD2E5100EDD0C8 /* Frameworks */ = {
			isa = PBXGroup;
			children = (
				4814CFF419AD2E5100EDD0C8 /* Foundation.framework */,
				4814CFF619AD2E5100EDD0C8 /* CoreGraphics.framework */,
				4814CFF819AD2E5100EDD0C8 /* UIKit.framework */,
				4814CFFA19AD2E5100EDD0C8 /* SpriteKit.framework */,
				4814D01D19AD2E5100EDD0C8 /* XCTest.framework */,
			);
			name = Frameworks;
			sourceTree = "<group>";
		};
		4814CFFC19AD2E5100EDD0C8 /* pong */ = {
			isa = PBXGroup;
			children = (
				4814D03419AD2E9600EDD0C8 /* Resources */,
				4814D03319AD2E7F00EDD0C8 /* Interfaces */,
				4814CFFD19AD2E5100EDD0C8 /* Supporting Files */,
				4814D01119AD2E5100EDD0C8 /* RAMyScene.h */,
				4814D01219AD2E5100EDD0C8 /* RAMyScene.m */,
			);
			path = pong;
			sourceTree = "<group>";
		};
		4814CFFD19AD2E5100EDD0C8 /* Supporting Files */ = {
			isa = PBXGroup;
			children = (
				4814D00E19AD2E5100EDD0C8 /* RAViewController.h */,
				4814D00F19AD2E5100EDD0C8 /* RAViewController.m */,
				4814D00519AD2E5100EDD0C8 /* RAAppDelegate.h */,
				4814D00619AD2E5100EDD0C8 /* RAAppDelegate.m */,
				4814CFFE19AD2E5100EDD0C8 /* pong-Info.plist */,
				4814CFFF19AD2E5100EDD0C8 /* InfoPlist.strings */,
				4814D00219AD2E5100EDD0C8 /* main.m */,
				4814D00419AD2E5100EDD0C8 /* pong-Prefix.pch */,
			);
			name = "Supporting Files";
			sourceTree = "<group>";
		};
		4814D02319AD2E5100EDD0C8 /* pongTests */ = {
			isa = PBXGroup;
			children = (
				4814D02919AD2E5100EDD0C8 /* pongTests.m */,
				4814D02419AD2E5100EDD0C8 /* Supporting Files */,
			);
			path = pongTests;
			sourceTree = "<group>";
		};
		4814D02419AD2E5100EDD0C8 /* Supporting Files */ = {
			isa = PBXGroup;
			children = (
				4814D02519AD2E5100EDD0C8 /* pongTests-Info.plist */,
				4814D02619AD2E5100EDD0C8 /* InfoPlist.strings */,
			);
			name = "Supporting Files";
			sourceTree = "<group>";
		};
		4814D03319AD2E7F00EDD0C8 /* Interfaces */ = {
			isa = PBXGroup;
			children = (
				4814D00819AD2E5100EDD0C8 /* Main_iPhone.storyboard */,
				4814D00B19AD2E5100EDD0C8 /* Main_iPad.storyboard */,
			);
			name = Interfaces;
			sourceTree = "<group>";
		};
		4814D03419AD2E9600EDD0C8 /* Resources */ = {
			isa = PBXGroup;
			children = (
				485D4C9719AEB7BE00D9EF75 /* bounce.wav */,
				4814D03819AD383B00EDD0C8 /* images.atlas */,
				4814D01619AD2E5100EDD0C8 /* Images.xcassets */,
			);
			name = Resources;
			sourceTree = "<group>";
		};
/* End PBXGroup section */

/* Begin PBXNativeTarget section */
		4814CFF019AD2E5100EDD0C8 /* pong */ = {
			isa = PBXNativeTarget;
			buildConfigurationList = 4814D02D19AD2E5100EDD0C8 /* Build configuration list for PBXNativeTarget "pong" */;
			buildPhases = (
				4814CFED19AD2E5100EDD0C8 /* Sources */,
				4814CFEE19AD2E5100EDD0C8 /* Frameworks */,
				4814CFEF19AD2E5100EDD0C8 /* Resources */,
			);
			buildRules = (
			);
			dependencies = (
			);
			name = pong;
			productName = pong;
			productReference = 4814CFF119AD2E5100EDD0C8 /* pong.app */;
			productType = "com.apple.product-type.application";
		};
		4814D01B19AD2E5100EDD0C8 /* pongTests */ = {
			isa = PBXNativeTarget;
			buildConfigurationList = 4814D03019AD2E5100EDD0C8 /* Build configuration list for PBXNativeTarget "pongTests" */;
			buildPhases = (
				4814D01819AD2E5100EDD0C8 /* Sources */,
				4814D01919AD2E5100EDD0C8 /* Frameworks */,
				4814D01A19AD2E5100EDD0C8 /* Resources */,
			);
			buildRules = (
			);
			dependencies = (
				4814D02219AD2E5100EDD0C8 /* PBXTargetDependency */,
			);
			name = pongTests;
			productName = pongTests;
			productReference = 4814D01C19AD2E5100EDD0C8 /* pongTests.xctest */;
			productType = "com.apple.product-type.bundle.unit-test";
		};
/* End PBXNativeTarget section */

/* Begin PBXProject section */
		4814CFE919AD2E5100EDD0C8 /* Project object */ = {
			isa = PBXProject;
			attributes = {
				CLASSPREFIX = RA;
				LastUpgradeCheck = 0510;
				ORGANIZATIONNAME = "Ryan Ackermann";
				TargetAttributes = {
					4814D01B19AD2E5100EDD0C8 = {
						TestTargetID = 4814CFF019AD2E5100EDD0C8;
					};
				};
			};
			buildConfigurationList = 4814CFEC19AD2E5100EDD0C8 /* Build configuration list for PBXProject "pong" */;
			compatibilityVersion = "Xcode 3.2";
			developmentRegion = English;
			hasScannedForEncodings = 0;
			knownRegions = (
				en,
				Base,
			);
			mainGroup = 4814CFE819AD2E5100EDD0C8;
			productRefGroup = 4814CFF219AD2E5100EDD0C8 /* Products */;
			projectDirPath = "";
			projectRoot = "";
			targets = (
				4814CFF019AD2E5100EDD0C8 /* pong */,
				4814D01B19AD2E5100EDD0C8 /* pongTests */,
			);
		};
/* End PBXProject section */

/* Begin PBXResourcesBuildPhase section */
		4814CFEF19AD2E5100EDD0C8 /* Resources */ = {
			isa = PBXResourcesBuildPhase;
			buildActionMask = 2147483647;
			files = (
				4814D01719AD2E5100EDD0C8 /* Images.xcassets in Resources */,
				4814D00D19AD2E5100EDD0C8 /* Main_iPad.storyboard in Resources */,
				4814D03919AD383B00EDD0C8 /* images.atlas in Resources */,
				4814D00A19AD2E5100EDD0C8 /* Main_iPhone.storyboard in Resources */,
				485D4C9819AEB7BE00D9EF75 /* bounce.wav in Resources */,
				4814D00119AD2E5100EDD0C8 /* InfoPlist.strings in Resources */,
			);
			runOnlyForDeploymentPostprocessing = 0;
		};
		4814D01A19AD2E5100EDD0C8 /* Resources */ = {
			isa = PBXResourcesBuildPhase;
			buildActionMask = 2147483647;
			files = (
				4814D02819AD2E5100EDD0C8 /* InfoPlist.strings in Resources */,
			);
			runOnlyForDeploymentPostprocessing = 0;
		};
/* End PBXResourcesBuildPhase section */

/* Begin PBXSourcesBuildPhase section */
		4814CFED19AD2E5100EDD0C8 /* Sources */ = {
			isa = PBXSourcesBuildPhase;
			buildActionMask = 2147483647;
			files = (
				4814D00319AD2E5100EDD0C8 /* main.m in Sources */,
				4814D01319AD2E5100EDD0C8 /* RAMyScene.m in Sources */,
				4814D00719AD2E5100EDD0C8 /* RAAppDelegate.m in Sources */,
				4814D01019AD2E5100EDD0C8 /* RAViewController.m in Sources */,
			);
			runOnlyForDeploymentPostprocessing = 0;
		};
		4814D01819AD2E5100EDD0C8 /* Sources */ = {
			isa = PBXSourcesBuildPhase;
			buildActionMask = 2147483647;
			files = (
				4814D02A19AD2E5100EDD0C8 /* pongTests.m in Sources */,
			);
			runOnlyForDeploymentPostprocessing = 0;
		};
/* End PBXSourcesBuildPhase section */

/* Begin PBXTargetDependency section */
		4814D02219AD2E5100EDD0C8 /* PBXTargetDependency */ = {
			isa = PBXTargetDependency;
			target = 4814CFF019AD2E5100EDD0C8 /* pong */;
			targetProxy = 4814D02119AD2E5100EDD0C8 /* PBXContainerItemProxy */;
		};
/* End PBXTargetDependency section */

/* Begin PBXVariantGroup section */
		4814CFFF19AD2E5100EDD0C8 /* InfoPlist.strings */ = {
			isa = PBXVariantGroup;
			children = (
				4814D00019AD2E5100EDD0C8 /* en */,
			);
			name = InfoPlist.strings;
			sourceTree = "<group>";
		};
		4814D00819AD2E5100EDD0C8 /* Main_iPhone.storyboard */ = {
			isa = PBXVariantGroup;
			children = (
				4814D00919AD2E5100EDD0C8 /* Base */,
			);
			name = Main_iPhone.storyboard;
			sourceTree = "<group>";
		};
		4814D00B19AD2E5100EDD0C8 /* Main_iPad.storyboard */ = {
			isa = PBXVariantGroup;
			children = (
				4814D00C19AD2E5100EDD0C8 /* Base */,
			);
			name = Main_iPad.storyboard;
			sourceTree = "<group>";
		};
		4814D02619AD2E5100EDD0C8 /* InfoPlist.strings */ = {
			isa = PBXVariantGroup;
			children = (
				4814D02719AD2E5100EDD0C8 /* en */,
			);
			name = InfoPlist.strings;
			sourceTree = "<group>";
		};
/* End PBXVariantGroup section */

/* Begin XCBuildConfiguration section */
		4814D02B19AD2E5100EDD0C8 /* Debug */ = {
			isa = XCBuildConfiguration;
			buildSettings = {
				ALWAYS_SEARCH_USER_PATHS = NO;
				CLANG_CXX_LANGUAGE_STANDARD = "gnu++0x";
				CLANG_CXX_LIBRARY = "libc++";
				CLANG_ENABLE_MODULES = YES;
				CLANG_ENABLE_OBJC_ARC = YES;
				CLANG_WARN_BOOL_CONVERSION = YES;
				CLANG_WARN_CONSTANT_CONVERSION = YES;
				CLANG_WARN_DIRECT_OBJC_ISA_USAGE = YES_ERROR;
				CLANG_WARN_EMPTY_BODY = YES;
				CLANG_WARN_ENUM_CONVERSION = YES;
				CLANG_WARN_INT_CONVERSION = YES;
				CLANG_WARN_OBJC_ROOT_CLASS = YES_ERROR;
				CLANG_WARN__DUPLICATE_METHOD_MATCH = YES;
				"CODE_SIGN_IDENTITY[sdk=iphoneos*]" = "iPhone Developer";
				COPY_PHASE_STRIP = NO;
				GCC_C_LANGUAGE_STANDARD = gnu99;
				GCC_DYNAMIC_NO_PIC = NO;
				GCC_OPTIMIZATION_LEVEL = 0;
				GCC_PREPROCESSOR_DEFINITIONS = (
					"DEBUG=1",
					"$(inherited)",
				);
				GCC_SYMBOLS_PRIVATE_EXTERN = NO;
				GCC_WARN_64_TO_32_BIT_CONVERSION = YES;
				GCC_WARN_ABOUT_RETURN_TYPE = YES_ERROR;
				GCC_WARN_UNDECLARED_SELECTOR = YES;
				GCC_WARN_UNINITIALIZED_AUTOS = YES_AGGRESSIVE;
				GCC_WARN_UNUSED_FUNCTION = YES;
				GCC_WARN_UNUSED_VARIABLE = YES;
				IPHONEOS_DEPLOYMENT_TARGET = 7.1;
				ONLY_ACTIVE_ARCH = YES;
				SDKROOT = iphoneos;
				TARGETED_DEVICE_FAMILY = "1,2";
			};
			name = Debug;
		};
		4814D02C19AD2E5100EDD0C8 /* Release */ = {
			isa = XCBuildConfiguration;
			buildSettings = {
				ALWAYS_SEARCH_USER_PATHS = NO;
				CLANG_CXX_LANGUAGE_STANDARD = "gnu++0x";
				CLANG_CXX_LIBRARY = "libc++";
				CLANG_ENABLE_MODULES = YES;
				CLANG_ENABLE_OBJC_ARC = YES;
				CLANG_WARN_BOOL_CONVERSION = YES;
				CLANG_WARN_CONSTANT_CONVERSION = YES;
				CLANG_WARN_DIRECT_OBJC_ISA_USAGE = YES_ERROR;
				CLANG_WARN_EMPTY_BODY = YES;
				CLANG_WARN_ENUM_CONVERSION = YES;
				CLANG_WARN_INT_CONVERSION = YES;
				CLANG_WARN_OBJC_ROOT_CLASS = YES_ERROR;
				CLANG_WARN__DUPLICATE_METHOD_MATCH = YES;
				"CODE_SIGN_IDENTITY[sdk=iphoneos*]" = "iPhone Developer";
				COPY_PHASE_STRIP = YES;
				ENABLE_NS_ASSERTIONS = NO;
				GCC_C_LANGUAGE_STANDARD = gnu99;
				GCC_WARN_64_TO_32_BIT_CONVERSION = YES;
				GCC_WARN_ABOUT_RETURN_TYPE = YES_ERROR;
				GCC_WARN_UNDECLARED_SELECTOR = YES;
				GCC_WARN_UNINITIALIZED_AUTOS = YES_AGGRESSIVE;
				GCC_WARN_UNUSED_FUNCTION = YES;
				GCC_WARN_UNUSED_VARIABLE = YES;
				IPHONEOS_DEPLOYMENT_TARGET = 7.1;
				SDKROOT = iphoneos;
				TARGETED_DEVICE_FAMILY = "1,2";
				VALIDATE_PRODUCT = YES;
			};
			name = Release;
		};
		4814D02E19AD2E5100EDD0C8 /* Debug */ = {
			isa = XCBuildConfiguration;
			buildSettings = {
				ASSETCATALOG_COMPILER_APPICON_NAME = AppIcon;
				ASSETCATALOG_COMPILER_LAUNCHIMAGE_NAME = LaunchImage;
				GCC_PRECOMPILE_PREFIX_HEADER = YES;
				GCC_PREFIX_HEADER = "pong/pong-Prefix.pch";
				INFOPLIST_FILE = "pong/pong-Info.plist";
				PRODUCT_NAME = "$(TARGET_NAME)";
				SPRITEKIT_TEXTURE_ATLAS_OUTPUT = YES;
				WRAPPER_EXTENSION = app;
			};
			name = Debug;
		};
		4814D02F19AD2E5100EDD0C8 /* Release */ = {
			isa = XCBuildConfiguration;
			buildSettings = {
				ASSETCATALOG_COMPILER_APPICON_NAME = AppIcon;
				ASSETCATALOG_COMPILER_LAUNCHIMAGE_NAME = LaunchImage;
				GCC_PRECOMPILE_PREFIX_HEADER = YES;
				GCC_PREFIX_HEADER = "pong/pong-Prefix.pch";
				INFOPLIST_FILE = "pong/pong-Info.plist";
				PRODUCT_NAME = "$(TARGET_NAME)";
				SPRITEKIT_TEXTURE_ATLAS_OUTPUT = YES;
				WRAPPER_EXTENSION = app;
			};
			name = Release;
		};
		4814D03119AD2E5100EDD0C8 /* Debug */ = {
			isa = XCBuildConfiguration;
			buildSettings = {
				BUNDLE_LOADER = "$(BUILT_PRODUCTS_DIR)/pong.app/pong";
				FRAMEWORK_SEARCH_PATHS = (
					"$(SDKROOT)/Developer/Library/Frameworks",
					"$(inherited)",
					"$(DEVELOPER_FRAMEWORKS_DIR)",
				);
				GCC_PRECOMPILE_PREFIX_HEADER = YES;
				GCC_PREFIX_HEADER = "pong/pong-Prefix.pch";
				GCC_PREPROCESSOR_DEFINITIONS = (
					"DEBUG=1",
					"$(inherited)",
				);
				INFOPLIST_FILE = "pongTests/pongTests-Info.plist";
				PRODUCT_NAME = "$(TARGET_NAME)";
				TEST_HOST = "$(BUNDLE_LOADER)";
				WRAPPER_EXTENSION = xctest;
			};
			name = Debug;
		};
		4814D03219AD2E5100EDD0C8 /* Release */ = {
			isa = XCBuildConfiguration;
			buildSettings = {
				BUNDLE_LOADER = "$(BUILT_PRODUCTS_DIR)/pong.app/pong";
				FRAMEWORK_SEARCH_PATHS = (
					"$(SDKROOT)/Developer/Library/Frameworks",
					"$(inherited)",
					"$(DEVELOPER_FRAMEWORKS_DIR)",
				);
				GCC_PRECOMPILE_PREFIX_HEADER = YES;
				GCC_PREFIX_HEADER = "pong/pong-Prefix.pch";
				INFOPLIST_FILE = "pongTests/pongTests-Info.plist";
				PRODUCT_NAME = "$(TARGET_NAME)";
				TEST_HOST = "$(BUNDLE_LOADER)";
				WRAPPER_EXTENSION = xctest;
			};
			name = Release;
		};
/* End XCBuildConfiguration section */

/* Begin XCConfigurationList section */
		4814CFEC19AD2E5100EDD0C8 /* Build configuration list for PBXProject "pong" */ = {
			isa = XCConfigurationList;
			buildConfigurations = (
				4814D02B19AD2E5100EDD0C8 /* Debug */,
				4814D02C19AD2E5100EDD0C8 /* Release */,
			);
			defaultConfigurationIsVisible = 0;
			defaultConfigurationName = Release;
		};
		4814D02D19AD2E5100EDD0C8 /* Build configuration list for PBXNativeTarget "pong" */ = {
			isa = XCConfigurationList;
			buildConfigurations = (
				4814D02E19AD2E5100EDD0C8 /* Debug */,
				4814D02F19AD2E5100EDD0C8 /* Release */,
			);
			defaultConfigurationIsVisible = 0;
			defaultConfigurationName = Release;
		};
		4814D03019AD2E5100EDD0C8 /* Build configuration list for PBXNativeTarget "pongTests" */ = {
			isa = XCConfigurationList;
			buildConfigurations = (
				4814D03119AD2E5100EDD0C8 /* Debug */,
				4814D03219AD2E5100EDD0C8 /* Release */,
			);
			defaultConfigurationIsVisible = 0;
			defaultConfigurationName = Release;
		};
/* End XCConfigurationList section */
	};
	rootObject = 4814CFE919AD2E5100EDD0C8 /* Project object */;
}
